
Microsoft Visual Studio Solution File, Format Version 12.00
# Visual Studio 15
VisualStudioVersion = 15.0.28010.2046
MinimumVisualStudioVersion = 10.0.40219.1
Project("{FAE04EC0-301F-11D3-BF4B-00C04F79EFBC}") = "Problema4", "Problema4\Problema4.csproj", "{EB373489-5FC9-468F-ACE7-79C76D33C012}"
EndProject
Global
	GlobalSection(SolutionConfigurationPlatforms) = preSolution
		Debug|Any CPU = Debug|Any CPU
		Release|Any CPU = Release|Any CPU
	EndGlobalSection
	GlobalSection(ProjectConfigurationPlatforms) = postSolution
		{EB373489-5FC9-468F-ACE7-79C76D33C012}.Debug|Any CPU.ActiveCfg = Debug|Any CPU
		{EB373489-5FC9-468F-ACE7-79C76D33C012}.Debug|Any CPU.Build.0 = Debug|Any CPU
		{EB373489-5FC9-468F-ACE7-79C76D33C012}.Release|Any CPU.ActiveCfg = Release|Any CPU
		{EB373489-5FC9-468F-ACE7-79C76D33C012}.Release|Any CPU.Build.0 = Release|Any CPU
	EndGlobalSection
	GlobalSection(SolutionProperties) = preSolution
		HideSolutionNode = FALSE
	EndGlobalSection
	GlobalSection(ExtensibilityGlobals) = postSolution
		SolutionGuid = {34024509-B534-4E36-9C5A-FAC8C3BCF1B5}
	EndGlobalSection
EndGlobal
